
Microsoft Visual Studio Solution File, Format Version 12.00
# Visual Studio Version 16
VisualStudioVersion = 16.0.31019.35
MinimumVisualStudioVersion = 10.0.40219.1
Project("{FAE04EC0-301F-11D3-BF4B-00C04F79EFBC}") = "machVisChallenge", "machVisChallenge.csproj", "{B9D4F210-E2EE-4124-9B61-AC8FB841B3CE}"
EndProject
Global
	GlobalSection(SolutionConfigurationPlatforms) = preSolution
		Debug|Any CPU = Debug|Any CPU
		Release|Any CPU = Release|Any CPU
	EndGlobalSection
	GlobalSection(ProjectConfigurationPlatforms) = postSolution
		{B9D4F210-E2EE-4124-9B61-AC8FB841B3CE}.Debug|Any CPU.ActiveCfg = Debug|Any CPU
		{B9D4F210-E2EE-4124-9B61-AC8FB841B3CE}.Debug|Any CPU.Build.0 = Debug|Any CPU
		{B9D4F210-E2EE-4124-9B61-AC8FB841B3CE}.Release|Any CPU.ActiveCfg = Release|Any CPU
		{B9D4F210-E2EE-4124-9B61-AC8FB841B3CE}.Release|Any CPU.Build.0 = Release|Any CPU
	EndGlobalSection
	GlobalSection(SolutionProperties) = preSolution
		HideSolutionNode = FALSE
	EndGlobalSection
	GlobalSection(ExtensibilityGlobals) = postSolution
		SolutionGuid = {F9C3E73C-F7C0-4671-A9E6-11BC1CC19550}
	EndGlobalSection
EndGlobal
